
Microsoft Visual Studio Solution File, Format Version 12.00
# Visual Studio Version 16
VisualStudioVersion = 16.0.30204.135
MinimumVisualStudioVersion = 10.0.40219.1
Project("{FAE04EC0-301F-11D3-BF4B-00C04F79EFBC}") = "Scherator.Client.Desktop", "Scherator.Client.Desktop\Scherator.Client.Desktop.csproj", "{1F523BAD-14B5-454B-98AD-E22194C04F43}"
EndProject
Global
	GlobalSection(SolutionConfigurationPlatforms) = preSolution
		Debug|Any CPU = Debug|Any CPU
		Release|Any CPU = Release|Any CPU
	EndGlobalSection
	GlobalSection(ProjectConfigurationPlatforms) = postSolution
		{1F523BAD-14B5-454B-98AD-E22194C04F43}.Debug|Any CPU.ActiveCfg = Debug|Any CPU
		{1F523BAD-14B5-454B-98AD-E22194C04F43}.Debug|Any CPU.Build.0 = Debug|Any CPU
		{1F523BAD-14B5-454B-98AD-E22194C04F43}.Release|Any CPU.ActiveCfg = Release|Any CPU
		{1F523BAD-14B5-454B-98AD-E22194C04F43}.Release|Any CPU.Build.0 = Release|Any CPU
	EndGlobalSection
	GlobalSection(SolutionProperties) = preSolution
		HideSolutionNode = FALSE
	EndGlobalSection
	GlobalSection(ExtensibilityGlobals) = postSolution
		SolutionGuid = {4BCFB9D3-ECE2-4FA7-B34E-40DC7D5B6D51}
	EndGlobalSection
EndGlobal
